
Microsoft Visual Studio Solution File, Format Version 11.00
# Visual Studio 2010
Project("{FAE04EC0-301F-11D3-BF4B-00C04F79EFBC}") = "Assembly-CSharp", "Assembly-CSharp.csproj", "{CBC718BF-98E8-71E5-C614-5CA85FF76B87}"
EndProject
Global
	GlobalSection(SolutionConfigurationPlatforms) = preSolution
		Debug|Any CPU = Debug|Any CPU
		Release|Any CPU = Release|Any CPU
	EndGlobalSection
	GlobalSection(ProjectConfigurationPlatforms) = postSolution
		{CBC718BF-98E8-71E5-C614-5CA85FF76B87}.Debug|Any CPU.ActiveCfg = Debug|Any CPU
		{CBC718BF-98E8-71E5-C614-5CA85FF76B87}.Debug|Any CPU.Build.0 = Debug|Any CPU
		{CBC718BF-98E8-71E5-C614-5CA85FF76B87}.Release|Any CPU.ActiveCfg = Release|Any CPU
		{CBC718BF-98E8-71E5-C614-5CA85FF76B87}.Release|Any CPU.Build.0 = Release|Any CPU
	EndGlobalSection
	GlobalSection(SolutionProperties) = preSolution
		HideSolutionNode = FALSE
	EndGlobalSection
	GlobalSection(MonoDevelopProperties) = preSolution
		StartupItem = Assembly-CSharp.csproj
	EndGlobalSection
EndGlobal
